# This file is automatically @generated by Cargo.
# It is not intended for manual editing.
version = 3

[[package]]
name = "composition_processor"
version = "0.1.0"
dependencies = [
 "dictionary_parser",
 "globals",
 "ime",
 "itf_components",
 "numberkey_windows",
 "ruststringrange",
 "windows",
]

[[package]]
name = "dictionary_parser"
version = "0.1.0"
dependencies = [
 "ruststringrange",
]

[[package]]
name = "globals"
version = "0.1.0"
dependencies = [
 "windows",
]

[[package]]
name = "ime"
version = "0.1.0"
dependencies = [
 "globals",
 "windows",
 "winreg",
]

[[package]]
name = "input_processor"
version = "0.1.0"
dependencies = [
 "composition_processor",
 "globals",
 "itf_components",
 "windows",
]

[[package]]
name = "itf_components"
version = "0.1.0"
dependencies = [
 "globals",
 "ime",
 "ruststringrange",
 "windows",
]

[[package]]
name = "numberkey_windows"
version = "0.1.0"
dependencies = [
 "windows",
]

[[package]]
name = "proc-macro2"
version = "1.0.40"
source = "registry+https://github.com/rust-lang/crates.io-index"
checksum = "dd96a1e8ed2596c337f8eae5f24924ec83f5ad5ab21ea8e455d3566c69fbcaf7"
dependencies = [
 "unicode-ident",
]

[[package]]
name = "quote"
version = "1.0.20"
source = "registry+https://github.com/rust-lang/crates.io-index"
checksum = "3bcdf212e9776fbcb2d23ab029360416bb1706b1aea2d1a5ba002727cbcab804"
dependencies = [
 "proc-macro2",
]

[[package]]
name = "ruststringrange"
version = "0.1.0"

[[package]]
name = "syn"
version = "1.0.98"
source = "registry+https://github.com/rust-lang/crates.io-index"
checksum = "c50aef8a904de4c23c788f104b7dddc7d6f79c647c7c8ce4cc8f73eb0ca773dd"
dependencies = [
 "proc-macro2",
 "quote",
 "unicode-ident",
]

[[package]]
name = "unicode-ident"
version = "1.0.1"
source = "registry+https://github.com/rust-lang/crates.io-index"
checksum = "5bd2fe26506023ed7b5e1e315add59d6f584c621d037f9368fea9cfb988f368c"

[[package]]
name = "winapi"
version = "0.3.9"
source = "registry+https://github.com/rust-lang/crates.io-index"
checksum = "5c839a674fcd7a98952e593242ea400abe93992746761e38641405d28b00f419"
dependencies = [
 "winapi-i686-pc-windows-gnu",
 "winapi-x86_64-pc-windows-gnu",
]

[[package]]
name = "winapi-i686-pc-windows-gnu"
version = "0.4.0"
source = "registry+https://github.com/rust-lang/crates.io-index"
checksum = "ac3b87c63620426dd9b991e5ce0329eff545bccbbb34f3be09ff6fb6ab51b7b6"

[[package]]
name = "winapi-x86_64-pc-windows-gnu"
version = "0.4.0"
source = "registry+https://github.com/rust-lang/crates.io-index"
checksum = "712e227841d057c1ee1cd2fb22fa7e5a5461ae8e48fa2ca79ec42cfc1931183f"

[[package]]
name = "windows"
version = "0.41.0"
source = "registry+https://github.com/rust-lang/crates.io-index"
checksum = "5a3ed69de2c1f8d0524a8a3417a80a85dd316a071745fbfdf5eb028b310058ab"
dependencies = [
 "windows-implement",
 "windows_aarch64_gnullvm",
 "windows_aarch64_msvc",
 "windows_i686_gnu",
 "windows_i686_msvc",
 "windows_x86_64_gnu",
 "windows_x86_64_gnullvm",
 "windows_x86_64_msvc",
]

[[package]]
name = "windows-implement"
version = "0.41.0"
source = "registry+https://github.com/rust-lang/crates.io-index"
checksum = "d22028ccd5ccd60ca61fe2d958d957b180cd1cf9d1e2a33745ce9b4ae3e8ac55"
dependencies = [
 "proc-macro2",
 "quote",
 "syn",
]

[[package]]
name = "windows_aarch64_gnullvm"
version = "0.41.0"
source = "registry+https://github.com/rust-lang/crates.io-index"
checksum = "163d2761774f2278ecb4e6719e80b2b5e92e5a2be73a7bcd3ef624dd5e3091fd"

[[package]]
name = "windows_aarch64_msvc"
version = "0.41.0"
source = "registry+https://github.com/rust-lang/crates.io-index"
checksum = "ef005ff2bceb00d3b84166a359cc19084f9459754fd3fe5a504dee3dddcd0a0c"

[[package]]
name = "windows_i686_gnu"
version = "0.41.0"
source = "registry+https://github.com/rust-lang/crates.io-index"
checksum = "02b4df2d51e32f03f8b4b228e487828c03bcb36d97b216fc5463bcea5bb1440b"

[[package]]
name = "windows_i686_msvc"
version = "0.41.0"
source = "registry+https://github.com/rust-lang/crates.io-index"
checksum = "568a966834571f2f3267f07dd72b4d8507381f25e53d056808483b2637385ef7"

[[package]]
name = "windows_x86_64_gnu"
version = "0.41.0"
source = "registry+https://github.com/rust-lang/crates.io-index"
checksum = "fc395dac1adf444e276d096d933ae7961361c8cda3245cffef7a9b3a70a8f994"

[[package]]
name = "windows_x86_64_gnullvm"
version = "0.41.0"
source = "registry+https://github.com/rust-lang/crates.io-index"
checksum = "90e8ec22b715d5b436e1d59c8adad6c744dc20cd984710121d5836b4e8dbb5e0"

[[package]]
name = "windows_x86_64_msvc"
version = "0.41.0"
source = "registry+https://github.com/rust-lang/crates.io-index"
checksum = "8b9761f0216b669019df1512f6e25e5ee779bf61c5cdc43c7293858e7efd7926"

[[package]]
name = "winreg"
version = "0.10.1"
source = "registry+https://github.com/rust-lang/crates.io-index"
checksum = "80d0f4e272c85def139476380b12f9ac60926689dd2e01d4923222f40580869d"
dependencies = [
 "winapi",
]
